// !$*UTF8*$!
{
	archiveVersion = 1;
	classes = {
	};
	objectVersion = 50;
	objects = {

/* Begin PBXBuildFile section */
		3A58C97221590BE10075BADA /* LoggingLifeCycle.swift in Sources */ = {isa = PBXBuildFile; fileRef = 3A58C97121590BE10075BADA /* LoggingLifeCycle.swift */; };
		3A606C6A21566A4900D62DC8 /* AppDelegate.swift in Sources */ = {isa = PBXBuildFile; fileRef = 3A606C6921566A4900D62DC8 /* AppDelegate.swift */; };
		3A606C6C21566A4900D62DC8 /* ProfileViewController.swift in Sources */ = {isa = PBXBuildFile; fileRef = 3A606C6B21566A4900D62DC8 /* ProfileViewController.swift */; };
		3A606C6F21566A4900D62DC8 /* Main.storyboard in Resources */ = {isa = PBXBuildFile; fileRef = 3A606C6D21566A4900D62DC8 /* Main.storyboard */; };
		3A606C7121566A4C00D62DC8 /* Assets.xcassets in Resources */ = {isa = PBXBuildFile; fileRef = 3A606C7021566A4C00D62DC8 /* Assets.xcassets */; };
		3A606C7421566A4C00D62DC8 /* LaunchScreen.storyboard in Resources */ = {isa = PBXBuildFile; fileRef = 3A606C7221566A4C00D62DC8 /* LaunchScreen.storyboard */; };
		3A719245216BB6C00038FC7D /* ConversationViewController.swift in Sources */ = {isa = PBXBuildFile; fileRef = 3A719244216BB6C00038FC7D /* ConversationViewController.swift */; };
		3A719248216BB7090038FC7D /* FromMessageTableViewCell.swift in Sources */ = {isa = PBXBuildFile; fileRef = 3A719246216BB7090038FC7D /* FromMessageTableViewCell.swift */; };
		3A719249216BB7090038FC7D /* FromMessageTableViewCell.xib in Resources */ = {isa = PBXBuildFile; fileRef = 3A719247216BB7090038FC7D /* FromMessageTableViewCell.xib */; };
		3A719252216BB7B20038FC7D /* ToMessageTableViewCell.swift in Sources */ = {isa = PBXBuildFile; fileRef = 3A719250216BB7B20038FC7D /* ToMessageTableViewCell.swift */; };
		3A719253216BB7B20038FC7D /* ToMessageTableViewCell.xib in Resources */ = {isa = PBXBuildFile; fileRef = 3A719251216BB7B20038FC7D /* ToMessageTableViewCell.xib */; };
		3A719255216BBD2B0038FC7D /* Message.swift in Sources */ = {isa = PBXBuildFile; fileRef = 3A719254216BBD2B0038FC7D /* Message.swift */; };
		3A719259216F90440038FC7D /* ThemesViewController.m in Sources */ = {isa = PBXBuildFile; fileRef = 3A719258216F90440038FC7D /* ThemesViewController.m */; };
		3A71925E2170AA160038FC7D /* Themes.m in Sources */ = {isa = PBXBuildFile; fileRef = 3A71925D2170AA160038FC7D /* Themes.m */; };
		3A719262217661770038FC7D /* ConversationCellConfiguration.swift in Sources */ = {isa = PBXBuildFile; fileRef = 3A719261217661770038FC7D /* ConversationCellConfiguration.swift */; };
		3A719264217693F10038FC7D /* MessageCellConfiguration.swift in Sources */ = {isa = PBXBuildFile; fileRef = 3A719263217693F10038FC7D /* MessageCellConfiguration.swift */; };
		3AF14FC821678FA7004A3C87 /* ConversationTableViewCell.swift in Sources */ = {isa = PBXBuildFile; fileRef = 3AF14FC621678FA7004A3C87 /* ConversationTableViewCell.swift */; };
		3AF14FC921678FA7004A3C87 /* ConversationTableViewCell.xib in Resources */ = {isa = PBXBuildFile; fileRef = 3AF14FC721678FA7004A3C87 /* ConversationTableViewCell.xib */; };
		3AF14FCD2168883A004A3C87 /* ConversationsListViewController.swift in Sources */ = {isa = PBXBuildFile; fileRef = 3AF14FCC2168883A004A3C87 /* ConversationsListViewController.swift */; };
		3AF14FD12168EE21004A3C87 /* Conversation.swift in Sources */ = {isa = PBXBuildFile; fileRef = 3AF14FD02168EE21004A3C87 /* Conversation.swift */; };
/* End PBXBuildFile section */

/* Begin PBXFileReference section */
		3A58C97121590BE10075BADA /* LoggingLifeCycle.swift */ = {isa = PBXFileReference; lastKnownFileType = sourcecode.swift; path = LoggingLifeCycle.swift; sourceTree = "<group>"; };
		3A606C6621566A4900D62DC8 /* Chat.app */ = {isa = PBXFileReference; explicitFileType = wrapper.application; includeInIndex = 0; path = Chat.app; sourceTree = BUILT_PRODUCTS_DIR; };
		3A606C6921566A4900D62DC8 /* AppDelegate.swift */ = {isa = PBXFileReference; lastKnownFileType = sourcecode.swift; path = AppDelegate.swift; sourceTree = "<group>"; };
		3A606C6B21566A4900D62DC8 /* ProfileViewController.swift */ = {isa = PBXFileReference; lastKnownFileType = sourcecode.swift; path = ProfileViewController.swift; sourceTree = "<group>"; };
		3A606C6E21566A4900D62DC8 /* Base */ = {isa = PBXFileReference; lastKnownFileType = file.storyboard; name = Base; path = Base.lproj/Main.storyboard; sourceTree = "<group>"; };
		3A606C7021566A4C00D62DC8 /* Assets.xcassets */ = {isa = PBXFileReference; lastKnownFileType = folder.assetcatalog; path = Assets.xcassets; sourceTree = "<group>"; };
		3A606C7321566A4C00D62DC8 /* Base */ = {isa = PBXFileReference; lastKnownFileType = file.storyboard; name = Base; path = Base.lproj/LaunchScreen.storyboard; sourceTree = "<group>"; };
		3A606C7521566A4C00D62DC8 /* Info.plist */ = {isa = PBXFileReference; lastKnownFileType = text.plist.xml; path = Info.plist; sourceTree = "<group>"; };
		3A719244216BB6C00038FC7D /* ConversationViewController.swift */ = {isa = PBXFileReference; lastKnownFileType = sourcecode.swift; path = ConversationViewController.swift; sourceTree = "<group>"; };
		3A719246216BB7090038FC7D /* FromMessageTableViewCell.swift */ = {isa = PBXFileReference; lastKnownFileType = sourcecode.swift; path = FromMessageTableViewCell.swift; sourceTree = "<group>"; };
		3A719247216BB7090038FC7D /* FromMessageTableViewCell.xib */ = {isa = PBXFileReference; lastKnownFileType = file.xib; path = FromMessageTableViewCell.xib; sourceTree = "<group>"; };
		3A719250216BB7B20038FC7D /* ToMessageTableViewCell.swift */ = {isa = PBXFileReference; lastKnownFileType = sourcecode.swift; path = ToMessageTableViewCell.swift; sourceTree = "<group>"; };
		3A719251216BB7B20038FC7D /* ToMessageTableViewCell.xib */ = {isa = PBXFileReference; lastKnownFileType = file.xib; path = ToMessageTableViewCell.xib; sourceTree = "<group>"; };
		3A719254216BBD2B0038FC7D /* Message.swift */ = {isa = PBXFileReference; lastKnownFileType = sourcecode.swift; path = Message.swift; sourceTree = "<group>"; };
		3A719256216F90440038FC7D /* Chat-Bridging-Header.h */ = {isa = PBXFileReference; lastKnownFileType = sourcecode.c.h; path = "Chat-Bridging-Header.h"; sourceTree = "<group>"; };
		3A719257216F90440038FC7D /* ThemesViewController.h */ = {isa = PBXFileReference; lastKnownFileType = sourcecode.c.h; path = ThemesViewController.h; sourceTree = "<group>"; };
		3A719258216F90440038FC7D /* ThemesViewController.m */ = {isa = PBXFileReference; lastKnownFileType = sourcecode.c.objc; path = ThemesViewController.m; sourceTree = "<group>"; };
		3A71925C216FDEB40038FC7D /* Themes.h */ = {isa = PBXFileReference; lastKnownFileType = sourcecode.c.h; path = Themes.h; sourceTree = "<group>"; };
		3A71925D2170AA160038FC7D /* Themes.m */ = {isa = PBXFileReference; lastKnownFileType = sourcecode.c.objc; path = Themes.m; sourceTree = "<group>"; };
		3A71925F2170B5970038FC7D /* ThemesViewControllerDelegate.h */ = {isa = PBXFileReference; lastKnownFileType = sourcecode.c.h; path = ThemesViewControllerDelegate.h; sourceTree = "<group>"; };
		3A719261217661770038FC7D /* ConversationCellConfiguration.swift */ = {isa = PBXFileReference; lastKnownFileType = sourcecode.swift; path = ConversationCellConfiguration.swift; sourceTree = "<group>"; };
		3A719263217693F10038FC7D /* MessageCellConfiguration.swift */ = {isa = PBXFileReference; lastKnownFileType = sourcecode.swift; path = MessageCellConfiguration.swift; sourceTree = "<group>"; };
		3AF14FC621678FA7004A3C87 /* ConversationTableViewCell.swift */ = {isa = PBXFileReference; lastKnownFileType = sourcecode.swift; path = ConversationTableViewCell.swift; sourceTree = "<group>"; };
		3AF14FC721678FA7004A3C87 /* ConversationTableViewCell.xib */ = {isa = PBXFileReference; lastKnownFileType = file.xib; path = ConversationTableViewCell.xib; sourceTree = "<group>"; };
		3AF14FCC2168883A004A3C87 /* ConversationsListViewController.swift */ = {isa = PBXFileReference; lastKnownFileType = sourcecode.swift; path = ConversationsListViewController.swift; sourceTree = "<group>"; };
		3AF14FD02168EE21004A3C87 /* Conversation.swift */ = {isa = PBXFileReference; lastKnownFileType = sourcecode.swift; path = Conversation.swift; sourceTree = "<group>"; };
/* End PBXFileReference section */

/* Begin PBXFrameworksBuildPhase section */
		3A606C6321566A4900D62DC8 /* Frameworks */ = {
			isa = PBXFrameworksBuildPhase;
			buildActionMask = 2147483647;
			files = (
			);
			runOnlyForDeploymentPostprocessing = 0;
		};
/* End PBXFrameworksBuildPhase section */

/* Begin PBXGroup section */
		3A606C5D21566A4900D62DC8 = {
			isa = PBXGroup;
			children = (
				3A606C6821566A4900D62DC8 /* Chat */,
				3A606C6721566A4900D62DC8 /* Products */,
			);
			sourceTree = "<group>";
		};
		3A606C6721566A4900D62DC8 /* Products */ = {
			isa = PBXGroup;
			children = (
				3A606C6621566A4900D62DC8 /* Chat.app */,
			);
			name = Products;
			sourceTree = "<group>";
		};
		3A606C6821566A4900D62DC8 /* Chat */ = {
			isa = PBXGroup;
			children = (
				3A71926021725A4D0038FC7D /* Themes */,
				3A71924C216BB75A0038FC7D /* Messages */,
				3A71924A216BB7130038FC7D /* Conversations */,
				3A606C6921566A4900D62DC8 /* AppDelegate.swift */,
				3A606C6B21566A4900D62DC8 /* ProfileViewController.swift */,
				3A606C6D21566A4900D62DC8 /* Main.storyboard */,
				3A606C7021566A4C00D62DC8 /* Assets.xcassets */,
				3A606C7221566A4C00D62DC8 /* LaunchScreen.storyboard */,
				3A606C7521566A4C00D62DC8 /* Info.plist */,
				3A58C97121590BE10075BADA /* LoggingLifeCycle.swift */,
				3A719256216F90440038FC7D /* Chat-Bridging-Header.h */,
			);
			path = Chat;
			sourceTree = "<group>";
		};
		3A71924A216BB7130038FC7D /* Conversations */ = {
			isa = PBXGroup;
			children = (
				3A71924B216BB73C0038FC7D /* cell */,
				3AF14FCC2168883A004A3C87 /* ConversationsListViewController.swift */,
				3AF14FD02168EE21004A3C87 /* Conversation.swift */,
			);
			path = Conversations;
			sourceTree = "<group>";
		};
		3A71924B216BB73C0038FC7D /* cell */ = {
			isa = PBXGroup;
			children = (
				3AF14FC621678FA7004A3C87 /* ConversationTableViewCell.swift */,
				3AF14FC721678FA7004A3C87 /* ConversationTableViewCell.xib */,
				3A719261217661770038FC7D /* ConversationCellConfiguration.swift */,
			);
			path = cell;
			sourceTree = "<group>";
		};
		3A71924C216BB75A0038FC7D /* Messages */ = {
			isa = PBXGroup;
			children = (
				3A71924D216BB76D0038FC7D /* cell */,
				3A719244216BB6C00038FC7D /* ConversationViewController.swift */,
				3A719254216BBD2B0038FC7D /* Message.swift */,
			);
			path = Messages;
			sourceTree = "<group>";
		};
		3A71924D216BB76D0038FC7D /* cell */ = {
			isa = PBXGroup;
			children = (
				3A719263217693F10038FC7D /* MessageCellConfiguration.swift */,
				3A719246216BB7090038FC7D /* FromMessageTableViewCell.swift */,
				3A719247216BB7090038FC7D /* FromMessageTableViewCell.xib */,
				3A719250216BB7B20038FC7D /* ToMessageTableViewCell.swift */,
				3A719251216BB7B20038FC7D /* ToMessageTableViewCell.xib */,
			);
			path = cell;
			sourceTree = "<group>";
		};
		3A71926021725A4D0038FC7D /* Themes */ = {
			isa = PBXGroup;
			children = (
				3A71925C216FDEB40038FC7D /* Themes.h */,
				3A71925D2170AA160038FC7D /* Themes.m */,
				3A71925F2170B5970038FC7D /* ThemesViewControllerDelegate.h */,
				3A719257216F90440038FC7D /* ThemesViewController.h */,
				3A719258216F90440038FC7D /* ThemesViewController.m */,
			);
			path = Themes;
			sourceTree = "<group>";
		};
/* End PBXGroup section */

/* Begin PBXNativeTarget section */
		3A606C6521566A4900D62DC8 /* Chat */ = {
			isa = PBXNativeTarget;
			buildConfigurationList = 3A606C7821566A4C00D62DC8 /* Build configuration list for PBXNativeTarget "Chat" */;
			buildPhases = (
				3A606C6221566A4900D62DC8 /* Sources */,
				3A606C6321566A4900D62DC8 /* Frameworks */,
				3A606C6421566A4900D62DC8 /* Resources */,
			);
			buildRules = (
			);
			dependencies = (
			);
			name = Chat;
			productName = Chat;
			productReference = 3A606C6621566A4900D62DC8 /* Chat.app */;
			productType = "com.apple.product-type.application";
		};
/* End PBXNativeTarget section */

/* Begin PBXProject section */
		3A606C5E21566A4900D62DC8 /* Project object */ = {
			isa = PBXProject;
			attributes = {
				LastSwiftUpdateCheck = 0940;
				LastUpgradeCheck = 0940;
				ORGANIZATIONNAME = "Dmitry Bakulin";
				TargetAttributes = {
					3A606C6521566A4900D62DC8 = {
						CreatedOnToolsVersion = 9.4.1;
						LastSwiftMigration = 1000;
					};
				};
			};
			buildConfigurationList = 3A606C6121566A4900D62DC8 /* Build configuration list for PBXProject "Chat" */;
			compatibilityVersion = "Xcode 9.3";
			developmentRegion = en;
			hasScannedForEncodings = 0;
			knownRegions = (
				en,
				Base,
			);
			mainGroup = 3A606C5D21566A4900D62DC8;
			productRefGroup = 3A606C6721566A4900D62DC8 /* Products */;
			projectDirPath = "";
			projectRoot = "";
			targets = (
				3A606C6521566A4900D62DC8 /* Chat */,
			);
		};
/* End PBXProject section */

/* Begin PBXResourcesBuildPhase section */
		3A606C6421566A4900D62DC8 /* Resources */ = {
			isa = PBXResourcesBuildPhase;
			buildActionMask = 2147483647;
			files = (
				3A719253216BB7B20038FC7D /* ToMessageTableViewCell.xib in Resources */,
				3AF14FC921678FA7004A3C87 /* ConversationTableViewCell.xib in Resources */,
				3A606C7421566A4C00D62DC8 /* LaunchScreen.storyboard in Resources */,
				3A606C7121566A4C00D62DC8 /* Assets.xcassets in Resources */,
				3A719249216BB7090038FC7D /* FromMessageTableViewCell.xib in Resources */,
				3A606C6F21566A4900D62DC8 /* Main.storyboard in Resources */,
			);
			runOnlyForDeploymentPostprocessing = 0;
		};
/* End PBXResourcesBuildPhase section */

/* Begin PBXSourcesBuildPhase section */
		3A606C6221566A4900D62DC8 /* Sources */ = {
			isa = PBXSourcesBuildPhase;
			buildActionMask = 2147483647;
			files = (
				3A719245216BB6C00038FC7D /* ConversationViewController.swift in Sources */,
				3A719252216BB7B20038FC7D /* ToMessageTableViewCell.swift in Sources */,
				3AF14FD12168EE21004A3C87 /* Conversation.swift in Sources */,
				3A719262217661770038FC7D /* ConversationCellConfiguration.swift in Sources */,
				3AF14FC821678FA7004A3C87 /* ConversationTableViewCell.swift in Sources */,
				3AF14FCD2168883A004A3C87 /* ConversationsListViewController.swift in Sources */,
				3A58C97221590BE10075BADA /* LoggingLifeCycle.swift in Sources */,
				3A719248216BB7090038FC7D /* FromMessageTableViewCell.swift in Sources */,
				3A719255216BBD2B0038FC7D /* Message.swift in Sources */,
				3A606C6C21566A4900D62DC8 /* ProfileViewController.swift in Sources */,
				3A71925E2170AA160038FC7D /* Themes.m in Sources */,
				3A606C6A21566A4900D62DC8 /* AppDelegate.swift in Sources */,
				3A719264217693F10038FC7D /* MessageCellConfiguration.swift in Sources */,
				3A719259216F90440038FC7D /* ThemesViewController.m in Sources */,
			);
			runOnlyForDeploymentPostprocessing = 0;
		};
/* End PBXSourcesBuildPhase section */

/* Begin PBXVariantGroup section */
		3A606C6D21566A4900D62DC8 /* Main.storyboard */ = {
			isa = PBXVariantGroup;
			children = (
				3A606C6E21566A4900D62DC8 /* Base */,
			);
			name = Main.storyboard;
			sourceTree = "<group>";
		};
		3A606C7221566A4C00D62DC8 /* LaunchScreen.storyboard */ = {
			isa = PBXVariantGroup;
			children = (
				3A606C7321566A4C00D62DC8 /* Base */,
			);
			name = LaunchScreen.storyboard;
			sourceTree = "<group>";
		};
/* End PBXVariantGroup section */

/* Begin XCBuildConfiguration section */
		3A606C7621566A4C00D62DC8 /* Debug */ = {
			isa = XCBuildConfiguration;
			buildSettings = {
				ALWAYS_SEARCH_USER_PATHS = NO;
				CLANG_ANALYZER_NONNULL = YES;
				CLANG_ANALYZER_NUMBER_OBJECT_CONVERSION = YES_AGGRESSIVE;
				CLANG_CXX_LANGUAGE_STANDARD = "gnu++14";
				CLANG_CXX_LIBRARY = "libc++";
				CLANG_ENABLE_MODULES = YES;
				CLANG_ENABLE_OBJC_ARC = YES;
				CLANG_ENABLE_OBJC_WEAK = YES;
				CLANG_WARN_BLOCK_CAPTURE_AUTORELEASING = YES;
				CLANG_WARN_BOOL_CONVERSION = YES;
				CLANG_WARN_COMMA = YES;
				CLANG_WARN_CONSTANT_CONVERSION = YES;
				CLANG_WARN_DEPRECATED_OBJC_IMPLEMENTATIONS = YES;
				CLANG_WARN_DIRECT_OBJC_ISA_USAGE = YES_ERROR;
				CLANG_WARN_DOCUMENTATION_COMMENTS = YES;
				CLANG_WARN_EMPTY_BODY = YES;
				CLANG_WARN_ENUM_CONVERSION = YES;
				CLANG_WARN_INFINITE_RECURSION = YES;
				CLANG_WARN_INT_CONVERSION = YES;
				CLANG_WARN_NON_LITERAL_NULL_CONVERSION = YES;
				CLANG_WARN_OBJC_IMPLICIT_RETAIN_SELF = YES;
				CLANG_WARN_OBJC_LITERAL_CONVERSION = YES;
				CLANG_WARN_OBJC_ROOT_CLASS = YES_ERROR;
				CLANG_WARN_RANGE_LOOP_ANALYSIS = YES;
				CLANG_WARN_STRICT_PROTOTYPES = YES;
				CLANG_WARN_SUSPICIOUS_MOVE = YES;
				CLANG_WARN_UNGUARDED_AVAILABILITY = YES_AGGRESSIVE;
				CLANG_WARN_UNREACHABLE_CODE = YES;
				CLANG_WARN__DUPLICATE_METHOD_MATCH = YES;
				CODE_SIGN_IDENTITY = "iPhone Developer";
				COPY_PHASE_STRIP = NO;
				DEBUG_INFORMATION_FORMAT = dwarf;
				ENABLE_STRICT_OBJC_MSGSEND = YES;
				ENABLE_TESTABILITY = YES;
				GCC_C_LANGUAGE_STANDARD = gnu11;
				GCC_DYNAMIC_NO_PIC = NO;
				GCC_NO_COMMON_BLOCKS = YES;
				GCC_OPTIMIZATION_LEVEL = 0;
				GCC_PREPROCESSOR_DEFINITIONS = (
					"DEBUG=1",
					"$(inherited)",
				);
				GCC_WARN_64_TO_32_BIT_CONVERSION = YES;
				GCC_WARN_ABOUT_RETURN_TYPE = YES_ERROR;
				GCC_WARN_UNDECLARED_SELECTOR = YES;
				GCC_WARN_UNINITIALIZED_AUTOS = YES_AGGRESSIVE;
				GCC_WARN_UNUSED_FUNCTION = YES;
				GCC_WARN_UNUSED_VARIABLE = YES;
				IPHONEOS_DEPLOYMENT_TARGET = 11.4;
				MTL_ENABLE_DEBUG_INFO = YES;
				ONLY_ACTIVE_ARCH = YES;
				SDKROOT = iphoneos;
				SWIFT_ACTIVE_COMPILATION_CONDITIONS = DEBUG;
				SWIFT_OPTIMIZATION_LEVEL = "-Onone";
			};
			name = Debug;
		};
		3A606C7721566A4C00D62DC8 /* Release */ = {
			isa = XCBuildConfiguration;
			buildSettings = {
				ALWAYS_SEARCH_USER_PATHS = NO;
				CLANG_ANALYZER_NONNULL = YES;
				CLANG_ANALYZER_NUMBER_OBJECT_CONVERSION = YES_AGGRESSIVE;
				CLANG_CXX_LANGUAGE_STANDARD = "gnu++14";
				CLANG_CXX_LIBRARY = "libc++";
				CLANG_ENABLE_MODULES = YES;
				CLANG_ENABLE_OBJC_ARC = YES;
				CLANG_ENABLE_OBJC_WEAK = YES;
				CLANG_WARN_BLOCK_CAPTURE_AUTORELEASING = YES;
				CLANG_WARN_BOOL_CONVERSION = YES;
				CLANG_WARN_COMMA = YES;
				CLANG_WARN_CONSTANT_CONVERSION = YES;
				CLANG_WARN_DEPRECATED_OBJC_IMPLEMENTATIONS = YES;
				CLANG_WARN_DIRECT_OBJC_ISA_USAGE = YES_ERROR;
				CLANG_WARN_DOCUMENTATION_COMMENTS = YES;
				CLANG_WARN_EMPTY_BODY = YES;
				CLANG_WARN_ENUM_CONVERSION = YES;
				CLANG_WARN_INFINITE_RECURSION = YES;
				CLANG_WARN_INT_CONVERSION = YES;
				CLANG_WARN_NON_LITERAL_NULL_CONVERSION = YES;
				CLANG_WARN_OBJC_IMPLICIT_RETAIN_SELF = YES;
				CLANG_WARN_OBJC_LITERAL_CONVERSION = YES;
				CLANG_WARN_OBJC_ROOT_CLASS = YES_ERROR;
				CLANG_WARN_RANGE_LOOP_ANALYSIS = YES;
				CLANG_WARN_STRICT_PROTOTYPES = YES;
				CLANG_WARN_SUSPICIOUS_MOVE = YES;
				CLANG_WARN_UNGUARDED_AVAILABILITY = YES_AGGRESSIVE;
				CLANG_WARN_UNREACHABLE_CODE = YES;
				CLANG_WARN__DUPLICATE_METHOD_MATCH = YES;
				CODE_SIGN_IDENTITY = "iPhone Developer";
				COPY_PHASE_STRIP = NO;
				DEBUG_INFORMATION_FORMAT = "dwarf-with-dsym";
				ENABLE_NS_ASSERTIONS = NO;
				ENABLE_STRICT_OBJC_MSGSEND = YES;
				GCC_C_LANGUAGE_STANDARD = gnu11;
				GCC_NO_COMMON_BLOCKS = YES;
				GCC_WARN_64_TO_32_BIT_CONVERSION = YES;
				GCC_WARN_ABOUT_RETURN_TYPE = YES_ERROR;
				GCC_WARN_UNDECLARED_SELECTOR = YES;
				GCC_WARN_UNINITIALIZED_AUTOS = YES_AGGRESSIVE;
				GCC_WARN_UNUSED_FUNCTION = YES;
				GCC_WARN_UNUSED_VARIABLE = YES;
				IPHONEOS_DEPLOYMENT_TARGET = 11.4;
				MTL_ENABLE_DEBUG_INFO = NO;
				SDKROOT = iphoneos;
				SWIFT_COMPILATION_MODE = wholemodule;
				SWIFT_OPTIMIZATION_LEVEL = "-O";
				VALIDATE_PRODUCT = YES;
			};
			name = Release;
		};
		3A606C7921566A4C00D62DC8 /* Debug */ = {
			isa = XCBuildConfiguration;
			buildSettings = {
				ASSETCATALOG_COMPILER_APPICON_NAME = "AppIcon-1";
				CLANG_ENABLE_MODULES = YES;
				CLANG_ENABLE_OBJC_ARC = NO;
				CODE_SIGN_STYLE = Automatic;
				DEVELOPMENT_TEAM = P3JC9RT8Q8;
				INFOPLIST_FILE = Chat/Info.plist;
				IPHONEOS_DEPLOYMENT_TARGET = 11.0;
				LD_RUNPATH_SEARCH_PATHS = (
					"$(inherited)",
					"@executable_path/Frameworks",
				);
				PRODUCT_BUNDLE_IDENTIFIER = com.bakulin.Chat;
				PRODUCT_NAME = "$(TARGET_NAME)";
				SWIFT_OBJC_BRIDGING_HEADER = "Chat/Chat-Bridging-Header.h";
				SWIFT_OPTIMIZATION_LEVEL = "-Onone";
				SWIFT_VERSION = 4.2;
				TARGETED_DEVICE_FAMILY = 1;
			};
			name = Debug;
		};
		3A606C7A21566A4C00D62DC8 /* Release */ = {
			isa = XCBuildConfiguration;
			buildSettings = {
				ASSETCATALOG_COMPILER_APPICON_NAME = "AppIcon-1";
				CLANG_ENABLE_MODULES = YES;
				CLANG_ENABLE_OBJC_ARC = NO;
				CODE_SIGN_STYLE = Automatic;
				DEVELOPMENT_TEAM = P3JC9RT8Q8;
				INFOPLIST_FILE = Chat/Info.plist;
				IPHONEOS_DEPLOYMENT_TARGET = 11.0;
				LD_RUNPATH_SEARCH_PATHS = (
					"$(inherited)",
					"@executable_path/Frameworks",
				);
				PRODUCT_BUNDLE_IDENTIFIER = com.bakulin.Chat;
				PRODUCT_NAME = "$(TARGET_NAME)";
				SWIFT_OBJC_BRIDGING_HEADER = "Chat/Chat-Bridging-Header.h";
				SWIFT_VERSION = 4.2;
				TARGETED_DEVICE_FAMILY = 1;
			};
			name = Release;
		};
/* End XCBuildConfiguration section */

/* Begin XCConfigurationList section */
		3A606C6121566A4900D62DC8 /* Build configuration list for PBXProject "Chat" */ = {
			isa = XCConfigurationList;
			buildConfigurations = (
				3A606C7621566A4C00D62DC8 /* Debug */,
				3A606C7721566A4C00D62DC8 /* Release */,
			);
			defaultConfigurationIsVisible = 0;
			defaultConfigurationName = Release;
		};
		3A606C7821566A4C00D62DC8 /* Build configuration list for PBXNativeTarget "Chat" */ = {
			isa = XCConfigurationList;
			buildConfigurations = (
				3A606C7921566A4C00D62DC8 /* Debug */,
				3A606C7A21566A4C00D62DC8 /* Release */,
			);
			defaultConfigurationIsVisible = 0;
			defaultConfigurationName = Release;
		};
/* End XCConfigurationList section */
	};
	rootObject = 3A606C5E21566A4900D62DC8 /* Project object */;
}
